
Microsoft Visual Studio Solution File, Format Version 12.00
# Visual Studio Version 17
VisualStudioVersion = 17.0.32014.148
MinimumVisualStudioVersion = 10.0.40219.1
Project("{FAE04EC0-301F-11D3-BF4B-00C04F79EFBC}") = "OopsConcept", "OopsConcept\OopsConcept.csproj", "{777E0F75-7C8A-4FB3-859E-ADBFCBBE4819}"
EndProject
Global
	GlobalSection(SolutionConfigurationPlatforms) = preSolution
		Debug|Any CPU = Debug|Any CPU
		Release|Any CPU = Release|Any CPU
	EndGlobalSection
	GlobalSection(ProjectConfigurationPlatforms) = postSolution
		{777E0F75-7C8A-4FB3-859E-ADBFCBBE4819}.Debug|Any CPU.ActiveCfg = Debug|Any CPU
		{777E0F75-7C8A-4FB3-859E-ADBFCBBE4819}.Debug|Any CPU.Build.0 = Debug|Any CPU
		{777E0F75-7C8A-4FB3-859E-ADBFCBBE4819}.Release|Any CPU.ActiveCfg = Release|Any CPU
		{777E0F75-7C8A-4FB3-859E-ADBFCBBE4819}.Release|Any CPU.Build.0 = Release|Any CPU
	EndGlobalSection
	GlobalSection(SolutionProperties) = preSolution
		HideSolutionNode = FALSE
	EndGlobalSection
	GlobalSection(ExtensibilityGlobals) = postSolution
		SolutionGuid = {3513917F-690E-4262-9FD5-300D51644CB1}
	EndGlobalSection
EndGlobal
